
Microsoft Visual Studio Solution File, Format Version 12.00
# Visual Studio Version 17
VisualStudioVersion = 17.13.35931.197
MinimumVisualStudioVersion = 10.0.40219.1
Project("{2150E333-8FDC-42A3-9474-1A3956D46DE8}") = "src", "src", "{02EA681E-C7D8-13C7-8484-4AC65E1B71E8}"
EndProject
Project("{2150E333-8FDC-42A3-9474-1A3956D46DE8}") = "adapters", "adapters", "{5907934E-868E-4CA7-9F41-DF5B86725AF2}"
EndProject
Project("{2150E333-8FDC-42A3-9474-1A3956D46DE8}") = "tests", "tests", "{F22C259C-F4C9-44F9-9049-4F40D9D60290}"
EndProject
Project("{2150E333-8FDC-42A3-9474-1A3956D46DE8}") = "core", "core", "{06911DCF-6F7D-45F4-A0CE-62C8CD4C8C9F}"
EndProject
Project("{2150E333-8FDC-42A3-9474-1A3956D46DE8}") = "Driven", "Driven", "{CD01DB9D-ED28-4636-856C-ACD4699ED6DF}"
EndProject
Project("{2150E333-8FDC-42A3-9474-1A3956D46DE8}") = "Driver", "Driver", "{1B54E49B-1404-454E-9DFC-59E21FF8037E}"
EndProject
Project("{FAE04EC0-301F-11D3-BF4B-00C04F79EFBC}") = "Payments.Application", "src\Payments.Application\Payments.Application.csproj", "{625E3AB9-C011-4D19-90CD-5EB9291FB1A6}"
EndProject
Project("{FAE04EC0-301F-11D3-BF4B-00C04F79EFBC}") = "Payments.Domain", "src\Payments.Domain\Payments.Domain.csproj", "{A15DEADB-5166-46BB-B021-BB2C1B64599D}"
EndProject
Project("{FAE04EC0-301F-11D3-BF4B-00C04F79EFBC}") = "Payments.Infrastructure", "src\Payments.Infrastructure\Payments.Infrastructure.csproj", "{BFCD5909-893D-4605-9D6C-C7A2611A34E4}"
EndProject
Project("{FAE04EC0-301F-11D3-BF4B-00C04F79EFBC}") = "Payments.Api", "src\Payments.Api\Payments.Api.csproj", "{E90E4B9F-94D2-472F-A31B-FCCD1BEA8811}"
EndProject
Project("{E53339B2-1760-4266-BCC7-CA923CBCF16C}") = "docker-compose", "docker-compose.dcproj", "{81DDED9D-158B-E303-5F62-77A2896D2A5A}"
EndProject
Project("{2150E333-8FDC-42A3-9474-1A3956D46DE8}") = "devops", "devops", "{6236A0FB-93BE-40D4-A1CF-4443D527676B}"
	ProjectSection(SolutionItems) = preProject
		.gitignore = .gitignore
	EndProjectSection
EndProject
Project("{FAE04EC0-301F-11D3-BF4B-00C04F79EFBC}") = "Payments.Test", "tests\Payments.Test\Payments.Test.csproj", "{95ABC51F-478C-4E63-ADCA-F6FC74D0B740}"
EndProject
Global
	GlobalSection(SolutionConfigurationPlatforms) = preSolution
		Debug|Any CPU = Debug|Any CPU
		Release|Any CPU = Release|Any CPU
	EndGlobalSection
	GlobalSection(ProjectConfigurationPlatforms) = postSolution
		{625E3AB9-C011-4D19-90CD-5EB9291FB1A6}.Debug|Any CPU.ActiveCfg = Debug|Any CPU
		{625E3AB9-C011-4D19-90CD-5EB9291FB1A6}.Debug|Any CPU.Build.0 = Debug|Any CPU
		{625E3AB9-C011-4D19-90CD-5EB9291FB1A6}.Release|Any CPU.ActiveCfg = Release|Any CPU
		{625E3AB9-C011-4D19-90CD-5EB9291FB1A6}.Release|Any CPU.Build.0 = Release|Any CPU
		{A15DEADB-5166-46BB-B021-BB2C1B64599D}.Debug|Any CPU.ActiveCfg = Debug|Any CPU
		{A15DEADB-5166-46BB-B021-BB2C1B64599D}.Debug|Any CPU.Build.0 = Debug|Any CPU
		{A15DEADB-5166-46BB-B021-BB2C1B64599D}.Release|Any CPU.ActiveCfg = Release|Any CPU
		{A15DEADB-5166-46BB-B021-BB2C1B64599D}.Release|Any CPU.Build.0 = Release|Any CPU
		{BFCD5909-893D-4605-9D6C-C7A2611A34E4}.Debug|Any CPU.ActiveCfg = Debug|Any CPU
		{BFCD5909-893D-4605-9D6C-C7A2611A34E4}.Debug|Any CPU.Build.0 = Debug|Any CPU
		{BFCD5909-893D-4605-9D6C-C7A2611A34E4}.Release|Any CPU.ActiveCfg = Release|Any CPU
		{BFCD5909-893D-4605-9D6C-C7A2611A34E4}.Release|Any CPU.Build.0 = Release|Any CPU
		{E90E4B9F-94D2-472F-A31B-FCCD1BEA8811}.Debug|Any CPU.ActiveCfg = Debug|Any CPU
		{E90E4B9F-94D2-472F-A31B-FCCD1BEA8811}.Debug|Any CPU.Build.0 = Debug|Any CPU
		{E90E4B9F-94D2-472F-A31B-FCCD1BEA8811}.Release|Any CPU.ActiveCfg = Release|Any CPU
		{E90E4B9F-94D2-472F-A31B-FCCD1BEA8811}.Release|Any CPU.Build.0 = Release|Any CPU
		{81DDED9D-158B-E303-5F62-77A2896D2A5A}.Debug|Any CPU.ActiveCfg = Debug|Any CPU
		{81DDED9D-158B-E303-5F62-77A2896D2A5A}.Debug|Any CPU.Build.0 = Debug|Any CPU
		{81DDED9D-158B-E303-5F62-77A2896D2A5A}.Release|Any CPU.ActiveCfg = Release|Any CPU
		{81DDED9D-158B-E303-5F62-77A2896D2A5A}.Release|Any CPU.Build.0 = Release|Any CPU
		{95ABC51F-478C-4E63-ADCA-F6FC74D0B740}.Debug|Any CPU.ActiveCfg = Debug|Any CPU
		{95ABC51F-478C-4E63-ADCA-F6FC74D0B740}.Debug|Any CPU.Build.0 = Debug|Any CPU
		{95ABC51F-478C-4E63-ADCA-F6FC74D0B740}.Release|Any CPU.ActiveCfg = Release|Any CPU
		{95ABC51F-478C-4E63-ADCA-F6FC74D0B740}.Release|Any CPU.Build.0 = Release|Any CPU
	EndGlobalSection
	GlobalSection(SolutionProperties) = preSolution
		HideSolutionNode = FALSE
	EndGlobalSection
	GlobalSection(NestedProjects) = preSolution
		{5907934E-868E-4CA7-9F41-DF5B86725AF2} = {02EA681E-C7D8-13C7-8484-4AC65E1B71E8}
		{06911DCF-6F7D-45F4-A0CE-62C8CD4C8C9F} = {02EA681E-C7D8-13C7-8484-4AC65E1B71E8}
		{CD01DB9D-ED28-4636-856C-ACD4699ED6DF} = {5907934E-868E-4CA7-9F41-DF5B86725AF2}
		{1B54E49B-1404-454E-9DFC-59E21FF8037E} = {5907934E-868E-4CA7-9F41-DF5B86725AF2}
		{625E3AB9-C011-4D19-90CD-5EB9291FB1A6} = {06911DCF-6F7D-45F4-A0CE-62C8CD4C8C9F}
		{A15DEADB-5166-46BB-B021-BB2C1B64599D} = {06911DCF-6F7D-45F4-A0CE-62C8CD4C8C9F}
		{BFCD5909-893D-4605-9D6C-C7A2611A34E4} = {CD01DB9D-ED28-4636-856C-ACD4699ED6DF}
		{E90E4B9F-94D2-472F-A31B-FCCD1BEA8811} = {1B54E49B-1404-454E-9DFC-59E21FF8037E}
		{95ABC51F-478C-4E63-ADCA-F6FC74D0B740} = {F22C259C-F4C9-44F9-9049-4F40D9D60290}
	EndGlobalSection
	GlobalSection(ExtensibilityGlobals) = postSolution
		SolutionGuid = {7AC58DE9-C145-4A10-ADF1-5E21B29D9A76}
	EndGlobalSection
EndGlobal
